github.com/VizuaaLOG/BulmaJS v0.0.0-20231221154335-093afa07bad8 h1:6Z19JyLdpymk+uWE8yt9vpQx6ICemoZW1TnJrXk688s=
github.com/VizuaaLOG/BulmaJS v0.0.0-20231221154335-093afa07bad8/go.mod h1:ALFjy8PsSq0OcPsCwGHfOmnCBOb3lmen1ajaEjBodKU=
github.com/Wikiki/bulma-timeline v3.0.5+incompatible h1:RvFAK7NR5Q3jl8v+aHePVTLX2qZtWxLSZovG0Hnpyc4=
github.com/Wikiki/bulma-timeline v3.0.5+incompatible/go.mod h1:SFQ62EY9Xzck78ir0QNEb1abB9Z2xlrmgYORD4w2EVY=
github.com/jgthms/bulma v0.0.0-20220508134905-3e00a8e6d0d0 h1:d61c8CjPFq6aGikBXMepfewc8/3IbrTCiC1xHcMcvHI=
github.com/jgthms/bulma v0.0.0-20220508134905-3e00a8e6d0d0/go.mod h1:89FLBKXYFKfOKAoDeUT26V0pHGwzr205cMXAEqtAVOI=
github.com/jloh/bulma-prefers-dark v0.1.0-beta.1 h1:zGsDXUI1CKJB6+AWziSVjr7hbzcV/uO6ydIK3MvWsW0=
github.com/jloh/bulma-prefers-dark v0.1.0-beta.1/go.mod h1:b26u56ELmittT3zanpRggNzsXjVi+R0WxVVZbUIxkKU=
