{
  "name": "fresh-fork",
  "version": "0.1.0",
  "lockfileVersion": 3,
  "requires": true,
  "packages": {
    "": {
      "name": "fresh-fork",
      "version": "0.1.0",
      "dependencies": {
        "bulma": "^0.9.4",
        "bulma-prefers-dark": "^0.1.0-beta.1"
      }
    },
    "node_modules/bulma": {
      "version": "0.9.4",
      "resolved": "https://registry.npmjs.org/bulma/-/bulma-0.9.4.tgz",
      "integrity": "sha512-86FlT5+1GrsgKbPLRRY7cGDg8fsJiP/jzTqXXVqiUZZ2aZT8uemEOHlU1CDU+TxklPEZ11HZNNWclRBBecP4CQ=="
    },
    "node_modules/bulma-prefers-dark": {
      "version": "0.1.0-beta.1",
      "resolved": "https://registry.npmjs.org/bulma-prefers-dark/-/bulma-prefers-dark-0.1.0-beta.1.tgz",
      "integrity": "sha512-ti4sKxIIrTAvGtsYc9Rk66SUZSH/j63EU1hApQijQVlKFF0qBLGSb8E16HhI83KJaIeYP4aAHQv2tj0ara831A=="
    }
  }
}
